{
  "version": 4,
  "terraform_version": "1.2.8",
  "serial": 13,
  "lineage": "d402dd90-641d-f5bc-90f9-33aba86700e6",
  "outputs": {},
  "resources": [
    {
      "mode": "managed",
      "type": "azurerm_data_factory",
      "name": "adf",
      "provider": "provider[\"registry.terraform.io/hashicorp/azurerm\"]",
      "instances": [
        {
          "schema_version": 2,
          "attributes": {
            "customer_managed_key_id": "",
            "customer_managed_key_identity_id": "",
            "github_configuration": [],
            "global_parameter": [],
            "id": "/subscriptions/7b2e7856-861e-4be4-a94b-00187a47ed41/resourceGroups/adfRG/providers/Microsoft.DataFactory/factories/adityaadf1",
            "identity": [],
            "location": "westeurope",
            "managed_virtual_network_enabled": false,
            "name": "adityaadf1",
            "public_network_enabled": true,
            "purview_id": null,
            "resource_group_name": "adfRG",
            "tags": {},
            "timeouts": null,
            "vsts_configuration": []
          },
          "sensitive_attributes": [],
          "private": "eyJlMmJmYjczMC1lY2FhLTExZTYtOGY4OC0zNDM2M2JjN2M0YzAiOnsiY3JlYXRlIjoxODAwMDAwMDAwMDAwLCJkZWxldGUiOjE4MDAwMDAwMDAwMDAsInJlYWQiOjMwMDAwMDAwMDAwMCwidXBkYXRlIjoxODAwMDAwMDAwMDAwfSwic2NoZW1hX3ZlcnNpb24iOiIyIn0=",
          "dependencies": [
            "azurerm_resource_group.adfRG"
          ]
        }
      ]
    },
    {
      "mode": "managed",
      "type": "azurerm_resource_group",
      "name": "adfRG",
      "provider": "provider[\"registry.terraform.io/hashicorp/azurerm\"]",
      "instances": [
        {
          "schema_version": 0,
          "attributes": {
            "id": "/subscriptions/7b2e7856-861e-4be4-a94b-00187a47ed41/resourceGroups/adfRG",
            "location": "westeurope",
            "name": "adfRG",
            "tags": {},
            "timeouts": null
          },
          "sensitive_attributes": [],
          "private": "eyJlMmJmYjczMC1lY2FhLTExZTYtOGY4OC0zNDM2M2JjN2M0YzAiOnsiY3JlYXRlIjo1NDAwMDAwMDAwMDAwLCJkZWxldGUiOjU0MDAwMDAwMDAwMDAsInJlYWQiOjMwMDAwMDAwMDAwMCwidXBkYXRlIjo1NDAwMDAwMDAwMDAwfX0="
        }
      ]
    },
    {
      "mode": "managed",
      "type": "azurerm_storage_account",
      "name": "Sourceadfstorage",
      "provider": "provider[\"registry.terraform.io/hashicorp/azurerm\"]",
      "instances": [
        {
          "schema_version": 3,
          "attributes": {
            "access_tier": "Hot",
            "account_kind": "StorageV2",
            "account_replication_type": "LRS",
            "account_tier": "Standard",
            "allow_nested_items_to_be_public": true,
            "azure_files_authentication": [],
            "blob_properties": [
              {
                "change_feed_enabled": false,
                "change_feed_retention_in_days": 0,
                "container_delete_retention_policy": [],
                "cors_rule": [],
                "default_service_version": "",
                "delete_retention_policy": [],
                "last_access_time_enabled": false,
                "versioning_enabled": false
              }
            ],
            "cross_tenant_replication_enabled": true,
            "custom_domain": [],
            "customer_managed_key": [],
            "default_to_oauth_authentication": false,
            "edge_zone": "",
            "enable_https_traffic_only": true,
            "id": "/subscriptions/7b2e7856-861e-4be4-a94b-00187a47ed41/resourceGroups/adfRG/providers/Microsoft.Storage/storageAccounts/adityasourcecodestorage",
            "identity": [],
            "immutability_policy": [],
            "infrastructure_encryption_enabled": false,
            "is_hns_enabled": false,
            "large_file_share_enabled": null,
            "location": "westeurope",
            "min_tls_version": "TLS1_2",
            "name": "adityasourcecodestorage",
            "network_rules": [
              {
                "bypass": [
                  "AzureServices"
                ],
                "default_action": "Allow",
                "ip_rules": [],
                "private_link_access": [],
                "virtual_network_subnet_ids": []
              }
            ],
            "nfsv3_enabled": false,
            "primary_access_key": "FHXhYqrlOPJOfbHfODmmixeP2whFPVpbfs9MOJ2oJVj/QIzMrdTX0y0JmQ6wzvby0JhcASBT1ntI+ASt5J0pEg==",
            "primary_blob_connection_string": "DefaultEndpointsProtocol=https;BlobEndpoint=https://adityasourcecodestorage.blob.core.windows.net/;AccountName=adityasourcecodestorage;AccountKey=FHXhYqrlOPJOfbHfODmmixeP2whFPVpbfs9MOJ2oJVj/QIzMrdTX0y0JmQ6wzvby0JhcASBT1ntI+ASt5J0pEg==",
            "primary_blob_endpoint": "https://adityasourcecodestorage.blob.core.windows.net/",
            "primary_blob_host": "adityasourcecodestorage.blob.core.windows.net",
            "primary_connection_string": "DefaultEndpointsProtocol=https;AccountName=adityasourcecodestorage;AccountKey=FHXhYqrlOPJOfbHfODmmixeP2whFPVpbfs9MOJ2oJVj/QIzMrdTX0y0JmQ6wzvby0JhcASBT1ntI+ASt5J0pEg==;EndpointSuffix=core.windows.net",
            "primary_dfs_endpoint": "https://adityasourcecodestorage.dfs.core.windows.net/",
            "primary_dfs_host": "adityasourcecodestorage.dfs.core.windows.net",
            "primary_file_endpoint": "https://adityasourcecodestorage.file.core.windows.net/",
            "primary_file_host": "adityasourcecodestorage.file.core.windows.net",
            "primary_location": "westeurope",
            "primary_queue_endpoint": "https://adityasourcecodestorage.queue.core.windows.net/",
            "primary_queue_host": "adityasourcecodestorage.queue.core.windows.net",
            "primary_table_endpoint": "https://adityasourcecodestorage.table.core.windows.net/",
            "primary_table_host": "adityasourcecodestorage.table.core.windows.net",
            "primary_web_endpoint": "https://adityasourcecodestorage.z6.web.core.windows.net/",
            "primary_web_host": "adityasourcecodestorage.z6.web.core.windows.net",
            "public_network_access_enabled": true,
            "queue_encryption_key_type": "Service",
            "queue_properties": [
              {
                "cors_rule": [],
                "hour_metrics": [
                  {
                    "enabled": true,
                    "include_apis": true,
                    "retention_policy_days": 7,
                    "version": "1.0"
                  }
                ],
                "logging": [
                  {
                    "delete": false,
                    "read": false,
                    "retention_policy_days": 0,
                    "version": "1.0",
                    "write": false
                  }
                ],
                "minute_metrics": [
                  {
                    "enabled": false,
                    "include_apis": false,
                    "retention_policy_days": 0,
                    "version": "1.0"
                  }
                ]
              }
            ],
            "resource_group_name": "adfRG",
            "routing": [],
            "secondary_access_key": "kkb5rTmG34+Hy4RP+21NvxRQ6jfvjHnqspkx2YsHFH6PIQqeWfeOXViRhbx/Dn48TJLVxCPBaERf+AStS04/QA==",
            "secondary_blob_connection_string": "",
            "secondary_blob_endpoint": null,
            "secondary_blob_host": null,
            "secondary_connection_string": "DefaultEndpointsProtocol=https;AccountName=adityasourcecodestorage;AccountKey=kkb5rTmG34+Hy4RP+21NvxRQ6jfvjHnqspkx2YsHFH6PIQqeWfeOXViRhbx/Dn48TJLVxCPBaERf+AStS04/QA==;EndpointSuffix=core.windows.net",
            "secondary_dfs_endpoint": null,
            "secondary_dfs_host": null,
            "secondary_file_endpoint": null,
            "secondary_file_host": null,
            "secondary_location": "",
            "secondary_queue_endpoint": null,
            "secondary_queue_host": null,
            "secondary_table_endpoint": null,
            "secondary_table_host": null,
            "secondary_web_endpoint": null,
            "secondary_web_host": null,
            "share_properties": [
              {
                "cors_rule": [],
                "retention_policy": [
                  {
                    "days": 7
                  }
                ],
                "smb": []
              }
            ],
            "shared_access_key_enabled": true,
            "static_website": [],
            "table_encryption_key_type": "Service",
            "tags": null,
            "timeouts": null
          },
          "sensitive_attributes": [],
          "private": "eyJlMmJmYjczMC1lY2FhLTExZTYtOGY4OC0zNDM2M2JjN2M0YzAiOnsiY3JlYXRlIjozNjAwMDAwMDAwMDAwLCJkZWxldGUiOjM2MDAwMDAwMDAwMDAsInJlYWQiOjMwMDAwMDAwMDAwMCwidXBkYXRlIjozNjAwMDAwMDAwMDAwfSwic2NoZW1hX3ZlcnNpb24iOiIzIn0=",
          "dependencies": [
            "azurerm_resource_group.adfRG"
          ]
        }
      ]
    },
    {
      "mode": "managed",
      "type": "azurerm_storage_account",
      "name": "Targetadfstorage",
      "provider": "provider[\"registry.terraform.io/hashicorp/azurerm\"]",
      "instances": [
        {
          "schema_version": 3,
          "attributes": {
            "access_tier": "Hot",
            "account_kind": "StorageV2",
            "account_replication_type": "LRS",
            "account_tier": "Standard",
            "allow_nested_items_to_be_public": true,
            "azure_files_authentication": [],
            "blob_properties": [
              {
                "change_feed_enabled": false,
                "change_feed_retention_in_days": 0,
                "container_delete_retention_policy": [],
                "cors_rule": [],
                "default_service_version": "",
                "delete_retention_policy": [],
                "last_access_time_enabled": false,
                "versioning_enabled": false
              }
            ],
            "cross_tenant_replication_enabled": true,
            "custom_domain": [],
            "customer_managed_key": [],
            "default_to_oauth_authentication": false,
            "edge_zone": "",
            "enable_https_traffic_only": true,
            "id": "/subscriptions/7b2e7856-861e-4be4-a94b-00187a47ed41/resourceGroups/adfRG/providers/Microsoft.Storage/storageAccounts/adityatargetcodestorage",
            "identity": [],
            "immutability_policy": [],
            "infrastructure_encryption_enabled": false,
            "is_hns_enabled": false,
            "large_file_share_enabled": null,
            "location": "westeurope",
            "min_tls_version": "TLS1_2",
            "name": "adityatargetcodestorage",
            "network_rules": [
              {
                "bypass": [
                  "AzureServices"
                ],
                "default_action": "Allow",
                "ip_rules": [],
                "private_link_access": [],
                "virtual_network_subnet_ids": []
              }
            ],
            "nfsv3_enabled": false,
            "primary_access_key": "M17+tULobyn8iz8t61RdeHRN24Rqgja+zbUjXs3Em4H7ShNsdGqXTTa4XyIggoXonDL1BE/wHLly+AStOrvIoA==",
            "primary_blob_connection_string": "DefaultEndpointsProtocol=https;BlobEndpoint=https://adityatargetcodestorage.blob.core.windows.net/;AccountName=adityatargetcodestorage;AccountKey=M17+tULobyn8iz8t61RdeHRN24Rqgja+zbUjXs3Em4H7ShNsdGqXTTa4XyIggoXonDL1BE/wHLly+AStOrvIoA==",
            "primary_blob_endpoint": "https://adityatargetcodestorage.blob.core.windows.net/",
            "primary_blob_host": "adityatargetcodestorage.blob.core.windows.net",
            "primary_connection_string": "DefaultEndpointsProtocol=https;AccountName=adityatargetcodestorage;AccountKey=M17+tULobyn8iz8t61RdeHRN24Rqgja+zbUjXs3Em4H7ShNsdGqXTTa4XyIggoXonDL1BE/wHLly+AStOrvIoA==;EndpointSuffix=core.windows.net",
            "primary_dfs_endpoint": "https://adityatargetcodestorage.dfs.core.windows.net/",
            "primary_dfs_host": "adityatargetcodestorage.dfs.core.windows.net",
            "primary_file_endpoint": "https://adityatargetcodestorage.file.core.windows.net/",
            "primary_file_host": "adityatargetcodestorage.file.core.windows.net",
            "primary_location": "westeurope",
            "primary_queue_endpoint": "https://adityatargetcodestorage.queue.core.windows.net/",
            "primary_queue_host": "adityatargetcodestorage.queue.core.windows.net",
            "primary_table_endpoint": "https://adityatargetcodestorage.table.core.windows.net/",
            "primary_table_host": "adityatargetcodestorage.table.core.windows.net",
            "primary_web_endpoint": "https://adityatargetcodestorage.z6.web.core.windows.net/",
            "primary_web_host": "adityatargetcodestorage.z6.web.core.windows.net",
            "public_network_access_enabled": true,
            "queue_encryption_key_type": "Service",
            "queue_properties": [
              {
                "cors_rule": [],
                "hour_metrics": [
                  {
                    "enabled": true,
                    "include_apis": true,
                    "retention_policy_days": 7,
                    "version": "1.0"
                  }
                ],
                "logging": [
                  {
                    "delete": false,
                    "read": false,
                    "retention_policy_days": 0,
                    "version": "1.0",
                    "write": false
                  }
                ],
                "minute_metrics": [
                  {
                    "enabled": false,
                    "include_apis": false,
                    "retention_policy_days": 0,
                    "version": "1.0"
                  }
                ]
              }
            ],
            "resource_group_name": "adfRG",
            "routing": [],
            "secondary_access_key": "lbbqp7/8GSV8dbrgWDZtwY5TkvAJPnTUpe5U0iC+S48sXL8np2kGIhNbAz5bRmoqgWdA1IvkLOk9+AStVDaTrw==",
            "secondary_blob_connection_string": "",
            "secondary_blob_endpoint": null,
            "secondary_blob_host": null,
            "secondary_connection_string": "DefaultEndpointsProtocol=https;AccountName=adityatargetcodestorage;AccountKey=lbbqp7/8GSV8dbrgWDZtwY5TkvAJPnTUpe5U0iC+S48sXL8np2kGIhNbAz5bRmoqgWdA1IvkLOk9+AStVDaTrw==;EndpointSuffix=core.windows.net",
            "secondary_dfs_endpoint": null,
            "secondary_dfs_host": null,
            "secondary_file_endpoint": null,
            "secondary_file_host": null,
            "secondary_location": "",
            "secondary_queue_endpoint": null,
            "secondary_queue_host": null,
            "secondary_table_endpoint": null,
            "secondary_table_host": null,
            "secondary_web_endpoint": null,
            "secondary_web_host": null,
            "share_properties": [
              {
                "cors_rule": [],
                "retention_policy": [
                  {
                    "days": 7
                  }
                ],
                "smb": []
              }
            ],
            "shared_access_key_enabled": true,
            "static_website": [],
            "table_encryption_key_type": "Service",
            "tags": null,
            "timeouts": null
          },
          "sensitive_attributes": [],
          "private": "eyJlMmJmYjczMC1lY2FhLTExZTYtOGY4OC0zNDM2M2JjN2M0YzAiOnsiY3JlYXRlIjozNjAwMDAwMDAwMDAwLCJkZWxldGUiOjM2MDAwMDAwMDAwMDAsInJlYWQiOjMwMDAwMDAwMDAwMCwidXBkYXRlIjozNjAwMDAwMDAwMDAwfSwic2NoZW1hX3ZlcnNpb24iOiIzIn0=",
          "dependencies": [
            "azurerm_resource_group.adfRG"
          ]
        }
      ]
    },
    {
      "mode": "managed",
      "type": "azurerm_storage_container",
      "name": "sourceadfcontainer",
      "provider": "provider[\"registry.terraform.io/hashicorp/azurerm\"]",
      "instances": [
        {
          "schema_version": 1,
          "attributes": {
            "container_access_type": "private",
            "has_immutability_policy": false,
            "has_legal_hold": false,
            "id": "https://adityasourcecodestorage.blob.core.windows.net/sourceadfcontainer",
            "metadata": {},
            "name": "sourceadfcontainer",
            "resource_manager_id": "/subscriptions/7b2e7856-861e-4be4-a94b-00187a47ed41/resourceGroups/adfRG/providers/Microsoft.Storage/storageAccounts/adityasourcecodestorage/blobServices/default/containers/sourceadfcontainer",
            "storage_account_name": "adityasourcecodestorage",
            "timeouts": null
          },
          "sensitive_attributes": [],
          "private": "eyJlMmJmYjczMC1lY2FhLTExZTYtOGY4OC0zNDM2M2JjN2M0YzAiOnsiY3JlYXRlIjoxODAwMDAwMDAwMDAwLCJkZWxldGUiOjE4MDAwMDAwMDAwMDAsInJlYWQiOjMwMDAwMDAwMDAwMCwidXBkYXRlIjoxODAwMDAwMDAwMDAwfSwic2NoZW1hX3ZlcnNpb24iOiIxIn0=",
          "dependencies": [
            "azurerm_resource_group.adfRG",
            "azurerm_storage_account.Sourceadfstorage"
          ]
        }
      ]
    },
    {
      "mode": "managed",
      "type": "azurerm_storage_container",
      "name": "targetadfcontainer",
      "provider": "provider[\"registry.terraform.io/hashicorp/azurerm\"]",
      "instances": [
        {
          "schema_version": 1,
          "attributes": {
            "container_access_type": "private",
            "has_immutability_policy": false,
            "has_legal_hold": false,
            "id": "https://adityatargetcodestorage.blob.core.windows.net/targetadfcontainer",
            "metadata": {},
            "name": "targetadfcontainer",
            "resource_manager_id": "/subscriptions/7b2e7856-861e-4be4-a94b-00187a47ed41/resourceGroups/adfRG/providers/Microsoft.Storage/storageAccounts/adityatargetcodestorage/blobServices/default/containers/targetadfcontainer",
            "storage_account_name": "adityatargetcodestorage",
            "timeouts": null
          },
          "sensitive_attributes": [],
          "private": "eyJlMmJmYjczMC1lY2FhLTExZTYtOGY4OC0zNDM2M2JjN2M0YzAiOnsiY3JlYXRlIjoxODAwMDAwMDAwMDAwLCJkZWxldGUiOjE4MDAwMDAwMDAwMDAsInJlYWQiOjMwMDAwMDAwMDAwMCwidXBkYXRlIjoxODAwMDAwMDAwMDAwfSwic2NoZW1hX3ZlcnNpb24iOiIxIn0=",
          "dependencies": [
            "azurerm_resource_group.adfRG",
            "azurerm_storage_account.Targetadfstorage"
          ]
        }
      ]
    }
  ]
}
