{
  "version": 4,
  "terraform_version": "1.2.8",
  "serial": 6,
  "lineage": "f6f66dca-756a-5fb5-b959-6e6de8fa0962",
  "outputs": {},
  "resources": [
    {
      "mode": "managed",
      "type": "azurerm_app_service",
      "name": "appservice",
      "provider": "provider[\"registry.terraform.io/hashicorp/azurerm\"]",
      "instances": [
        {
          "schema_version": 0,
          "attributes": {
            "app_service_plan_id": "/subscriptions/7b2e7856-861e-4be4-a94b-00187a47ed41/resourceGroups/azureappservrg/providers/Microsoft.Web/serverfarms/adityanarayan786-appserviceplan",
            "app_settings": {
              "WEBSITE_NODE_DEFAULT_VERSION": "6.9.1"
            },
            "auth_settings": [
              {
                "active_directory": [],
                "additional_login_params": {},
                "allowed_external_redirect_urls": [],
                "default_provider": "",
                "enabled": false,
                "facebook": [],
                "google": [],
                "issuer": "",
                "microsoft": [],
                "runtime_version": "",
                "token_refresh_extension_hours": 0,
                "token_store_enabled": false,
                "twitter": [],
                "unauthenticated_client_action": ""
              }
            ],
            "backup": [],
            "client_affinity_enabled": false,
            "client_cert_enabled": false,
            "client_cert_mode": "Required",
            "connection_string": [],
            "custom_domain_verification_id": "2B9610AAD4C74ED9603A2964A4E4A39A2AEC01D4DFE7A7DAD0700AC9CA4D69AD",
            "default_site_hostname": "adityanarayan786-appservice.azurewebsites.net",
            "enabled": true,
            "https_only": false,
            "id": "/subscriptions/7b2e7856-861e-4be4-a94b-00187a47ed41/resourceGroups/azureappservrg/providers/Microsoft.Web/sites/adityanarayan786-appservice",
            "identity": [],
            "key_vault_reference_identity_id": "SystemAssigned",
            "location": "centralus",
            "logs": [
              {
                "application_logs": [
                  {
                    "azure_blob_storage": [],
                    "file_system_level": "Off"
                  }
                ],
                "detailed_error_messages_enabled": false,
                "failed_request_tracing_enabled": false,
                "http_logs": [
                  {
                    "azure_blob_storage": [],
                    "file_system": []
                  }
                ]
              }
            ],
            "name": "adityanarayan786-appservice",
            "outbound_ip_address_list": [
              "40.89.251.238",
              "52.143.255.66",
              "52.154.200.192",
              "52.154.200.243",
              "52.154.201.40",
              "52.154.202.50",
              "20.118.40.3"
            ],
            "outbound_ip_addresses": "40.89.251.238,52.143.255.66,52.154.200.192,52.154.200.243,52.154.201.40,52.154.202.50,20.118.40.3",
            "possible_outbound_ip_address_list": [
              "40.89.251.238",
              "52.143.255.66",
              "52.154.200.192",
              "52.154.200.243",
              "52.154.201.40",
              "52.154.202.50",
              "52.154.203.201",
              "52.154.204.40",
              "52.154.205.137",
              "52.154.206.183",
              "52.154.207.51",
              "52.154.207.62",
              "52.154.207.84",
              "52.154.249.31",
              "52.154.249.49",
              "52.154.249.76",
              "52.154.249.134",
              "52.154.249.147",
              "52.154.249.167",
              "52.154.249.191",
              "52.154.250.65",
              "52.154.250.133",
              "52.154.250.145",
              "52.154.251.112",
              "52.154.252.249",
              "52.154.253.4",
              "52.154.253.124",
              "52.154.255.83",
              "52.158.168.9",
              "52.158.168.94",
              "20.118.40.3"
            ],
            "possible_outbound_ip_addresses": "40.89.251.238,52.143.255.66,52.154.200.192,52.154.200.243,52.154.201.40,52.154.202.50,52.154.203.201,52.154.204.40,52.154.205.137,52.154.206.183,52.154.207.51,52.154.207.62,52.154.207.84,52.154.249.31,52.154.249.49,52.154.249.76,52.154.249.134,52.154.249.147,52.154.249.167,52.154.249.191,52.154.250.65,52.154.250.133,52.154.250.145,52.154.251.112,52.154.252.249,52.154.253.4,52.154.253.124,52.154.255.83,52.158.168.9,52.158.168.94,20.118.40.3",
            "resource_group_name": "azureappservrg",
            "site_config": [
              {
                "acr_use_managed_identity_credentials": false,
                "acr_user_managed_identity_client_id": "",
                "always_on": false,
                "app_command_line": "",
                "auto_swap_slot_name": "",
                "cors": [
                  {
                    "allowed_origins": [],
                    "support_credentials": false
                  }
                ],
                "default_documents": null,
                "dotnet_framework_version": "v4.0",
                "ftps_state": "AllAllowed",
                "health_check_path": "",
                "http2_enabled": false,
                "ip_restriction": [],
                "java_container": "",
                "java_container_version": "",
                "java_version": "",
                "linux_fx_version": "",
                "local_mysql_enabled": false,
                "managed_pipeline_mode": "Integrated",
                "min_tls_version": "1.2",
                "number_of_workers": 1,
                "php_version": "",
                "python_version": "",
                "remote_debugging_enabled": true,
                "remote_debugging_version": "VS2019",
                "scm_ip_restriction": [],
                "scm_type": "None",
                "scm_use_main_ip_restriction": false,
                "use_32_bit_worker_process": false,
                "vnet_route_all_enabled": false,
                "websockets_enabled": false,
                "windows_fx_version": ""
              }
            ],
            "site_credential": [
              {
                "password": "PLc41ap1iYL2GaFgKFfaur6N7dfttJZM6y2HhnksBspsfi4mELE2Rtezw1p0",
                "username": "$adityanarayan786-appservice"
              }
            ],
            "source_control": [
              {
                "branch": "main",
                "manual_integration": false,
                "repo_url": "",
                "rollback_enabled": false,
                "use_mercurial": false
              }
            ],
            "storage_account": [],
            "tags": null,
            "timeouts": null
          },
          "sensitive_attributes": [],
          "private": "eyJlMmJmYjczMC1lY2FhLTExZTYtOGY4OC0zNDM2M2JjN2M0YzAiOnsiY3JlYXRlIjoxODAwMDAwMDAwMDAwLCJkZWxldGUiOjE4MDAwMDAwMDAwMDAsInJlYWQiOjMwMDAwMDAwMDAwMCwidXBkYXRlIjoxODAwMDAwMDAwMDAwfX0=",
          "dependencies": [
            "azurerm_app_service_plan.appplan",
            "azurerm_resource_group.rg"
          ]
        }
      ]
    },
    {
      "mode": "managed",
      "type": "azurerm_app_service_plan",
      "name": "appplan",
      "provider": "provider[\"registry.terraform.io/hashicorp/azurerm\"]",
      "instances": [
        {
          "schema_version": 0,
          "attributes": {
            "app_service_environment_id": "",
            "id": "/subscriptions/7b2e7856-861e-4be4-a94b-00187a47ed41/resourceGroups/azureappservrg/providers/Microsoft.Web/serverfarms/adityanarayan786-appserviceplan",
            "is_xenon": false,
            "kind": "Windows",
            "location": "centralus",
            "maximum_elastic_worker_count": 1,
            "maximum_number_of_workers": 10,
            "name": "adityanarayan786-appserviceplan",
            "per_site_scaling": false,
            "reserved": false,
            "resource_group_name": "azureappservrg",
            "sku": [
              {
                "capacity": 1,
                "size": "S1",
                "tier": "Standard"
              }
            ],
            "tags": null,
            "timeouts": null,
            "zone_redundant": false
          },
          "sensitive_attributes": [],
          "private": "eyJlMmJmYjczMC1lY2FhLTExZTYtOGY4OC0zNDM2M2JjN2M0YzAiOnsiY3JlYXRlIjozNjAwMDAwMDAwMDAwLCJkZWxldGUiOjM2MDAwMDAwMDAwMDAsInJlYWQiOjMwMDAwMDAwMDAwMCwidXBkYXRlIjozNjAwMDAwMDAwMDAwfX0=",
          "dependencies": [
            "azurerm_resource_group.rg"
          ]
        }
      ]
    },
    {
      "mode": "managed",
      "type": "azurerm_resource_group",
      "name": "rg",
      "provider": "provider[\"registry.terraform.io/hashicorp/azurerm\"]",
      "instances": [
        {
          "schema_version": 0,
          "attributes": {
            "id": "/subscriptions/7b2e7856-861e-4be4-a94b-00187a47ed41/resourceGroups/azureappservrg",
            "location": "centralus",
            "name": "azureappservrg",
            "tags": {},
            "timeouts": null
          },
          "sensitive_attributes": [],
          "private": "eyJlMmJmYjczMC1lY2FhLTExZTYtOGY4OC0zNDM2M2JjN2M0YzAiOnsiY3JlYXRlIjo1NDAwMDAwMDAwMDAwLCJkZWxldGUiOjU0MDAwMDAwMDAwMDAsInJlYWQiOjMwMDAwMDAwMDAwMCwidXBkYXRlIjo1NDAwMDAwMDAwMDAwfX0="
        }
      ]
    }
  ]
}
