{
  "version": 4,
  "terraform_version": "1.2.8",
  "serial": 3,
  "lineage": "7c51497e-deaa-17ab-cca8-2b6946a4ba85",
  "outputs": {},
  "resources": [
    {
      "mode": "data",
      "type": "azurerm_client_config",
      "name": "current",
      "provider": "provider[\"registry.terraform.io/hashicorp/azurerm\"]",
      "instances": [
        {
          "schema_version": 0,
          "attributes": {
            "client_id": "04b07795-8ddb-461a-bbee-02f9e1bf7b46",
            "id": "Y2xpZW50Q29uZmlncy9jbGllbnRJZD0wNGIwNzc5NS04ZGRiLTQ2MWEtYmJlZS0wMmY5ZTFiZjdiNDY7b2JqZWN0SWQ9NDhlNTUzMTUtMDBiZi00OGRlLTk5ZWMtZmRiNTBkZmM2ZWYxO3N1YnNjcmlwdGlvbklkPTdiMmU3ODU2LTg2MWUtNGJlNC1hOTRiLTAwMTg3YTQ3ZWQ0MTt0ZW5hbnRJZD1hNThmMGNiNS00MzZiLTRiNTMtYTMyZi1hNGZiNzk1NDllYzY=",
            "object_id": "48e55315-00bf-48de-99ec-fdb50dfc6ef1",
            "subscription_id": "7b2e7856-861e-4be4-a94b-00187a47ed41",
            "tenant_id": "a58f0cb5-436b-4b53-a32f-a4fb79549ec6",
            "timeouts": null
          },
          "sensitive_attributes": []
        }
      ]
    },
    {
      "mode": "managed",
      "type": "azurerm_resource_group",
      "name": "example",
      "provider": "provider[\"registry.terraform.io/hashicorp/azurerm\"]",
      "instances": [
        {
          "schema_version": 0,
          "attributes": {
            "id": "/subscriptions/7b2e7856-861e-4be4-a94b-00187a47ed41/resourceGroups/example-resources",
            "location": "westeurope",
            "name": "example-resources",
            "tags": null,
            "timeouts": null
          },
          "sensitive_attributes": [],
          "private": "eyJlMmJmYjczMC1lY2FhLTExZTYtOGY4OC0zNDM2M2JjN2M0YzAiOnsiY3JlYXRlIjo1NDAwMDAwMDAwMDAwLCJkZWxldGUiOjU0MDAwMDAwMDAwMDAsInJlYWQiOjMwMDAwMDAwMDAwMCwidXBkYXRlIjo1NDAwMDAwMDAwMDAwfX0="
        }
      ]
    }
  ]
}
